// !$*UTF8*$!
{
	archiveVersion = 1;
	classes = {
	};
	objectVersion = 50;
	objects = {

/* Begin PBXBuildFile section */
		115E693A265BAF4300D29826 /* AppDelegate.swift in Sources */ = {isa = PBXBuildFile; fileRef = 115E6939265BAF4300D29826 /* AppDelegate.swift */; };
		115E693C265BAF4300D29826 /* SceneDelegate.swift in Sources */ = {isa = PBXBuildFile; fileRef = 115E693B265BAF4300D29826 /* SceneDelegate.swift */; };
		115E693E265BAF4300D29826 /* ViewController.swift in Sources */ = {isa = PBXBuildFile; fileRef = 115E693D265BAF4300D29826 /* ViewController.swift */; };
		115E6941265BAF4300D29826 /* Main.storyboard in Resources */ = {isa = PBXBuildFile; fileRef = 115E693F265BAF4300D29826 /* Main.storyboard */; };
		115E6943265BAF4500D29826 /* Assets.xcassets in Resources */ = {isa = PBXBuildFile; fileRef = 115E6942265BAF4500D29826 /* Assets.xcassets */; };
		115E6946265BAF4500D29826 /* LaunchScreen.storyboard in Resources */ = {isa = PBXBuildFile; fileRef = 115E6944265BAF4500D29826 /* LaunchScreen.storyboard */; };
		115E6951265BAF4500D29826 /* ClientServerSwiftTests.swift in Sources */ = {isa = PBXBuildFile; fileRef = 115E6950265BAF4500D29826 /* ClientServerSwiftTests.swift */; };
		115E695C265BAF4500D29826 /* ClientServerSwiftUITests.swift in Sources */ = {isa = PBXBuildFile; fileRef = 115E695B265BAF4500D29826 /* ClientServerSwiftUITests.swift */; };
		115E696F265C021800D29826 /* Session.swift in Sources */ = {isa = PBXBuildFile; fileRef = 115E696E265C021800D29826 /* Session.swift */; };
/* End PBXBuildFile section */

/* Begin PBXContainerItemProxy section */
		115E694D265BAF4500D29826 /* PBXContainerItemProxy */ = {
			isa = PBXContainerItemProxy;
			containerPortal = 115E692E265BAF4300D29826 /* Project object */;
			proxyType = 1;
			remoteGlobalIDString = 115E6935265BAF4300D29826;
			remoteInfo = ClientServerSwift;
		};
		115E6958265BAF4500D29826 /* PBXContainerItemProxy */ = {
			isa = PBXContainerItemProxy;
			containerPortal = 115E692E265BAF4300D29826 /* Project object */;
			proxyType = 1;
			remoteGlobalIDString = 115E6935265BAF4300D29826;
			remoteInfo = ClientServerSwift;
		};
/* End PBXContainerItemProxy section */

/* Begin PBXFileReference section */
		115E6936265BAF4300D29826 /* ClientServerSwift.app */ = {isa = PBXFileReference; explicitFileType = wrapper.application; includeInIndex = 0; path = ClientServerSwift.app; sourceTree = BUILT_PRODUCTS_DIR; };
		115E6939265BAF4300D29826 /* AppDelegate.swift */ = {isa = PBXFileReference; lastKnownFileType = sourcecode.swift; path = AppDelegate.swift; sourceTree = "<group>"; };
		115E693B265BAF4300D29826 /* SceneDelegate.swift */ = {isa = PBXFileReference; lastKnownFileType = sourcecode.swift; path = SceneDelegate.swift; sourceTree = "<group>"; };
		115E693D265BAF4300D29826 /* ViewController.swift */ = {isa = PBXFileReference; lastKnownFileType = sourcecode.swift; path = ViewController.swift; sourceTree = "<group>"; };
		115E6940265BAF4300D29826 /* Base */ = {isa = PBXFileReference; lastKnownFileType = file.storyboard; name = Base; path = Base.lproj/Main.storyboard; sourceTree = "<group>"; };
		115E6942265BAF4500D29826 /* Assets.xcassets */ = {isa = PBXFileReference; lastKnownFileType = folder.assetcatalog; path = Assets.xcassets; sourceTree = "<group>"; };
		115E6945265BAF4500D29826 /* Base */ = {isa = PBXFileReference; lastKnownFileType = file.storyboard; name = Base; path = Base.lproj/LaunchScreen.storyboard; sourceTree = "<group>"; };
		115E6947265BAF4500D29826 /* Info.plist */ = {isa = PBXFileReference; lastKnownFileType = text.plist.xml; path = Info.plist; sourceTree = "<group>"; };
		115E694C265BAF4500D29826 /* ClientServerSwiftTests.xctest */ = {isa = PBXFileReference; explicitFileType = wrapper.cfbundle; includeInIndex = 0; path = ClientServerSwiftTests.xctest; sourceTree = BUILT_PRODUCTS_DIR; };
		115E6950265BAF4500D29826 /* ClientServerSwiftTests.swift */ = {isa = PBXFileReference; lastKnownFileType = sourcecode.swift; path = ClientServerSwiftTests.swift; sourceTree = "<group>"; };
		115E6952265BAF4500D29826 /* Info.plist */ = {isa = PBXFileReference; lastKnownFileType = text.plist.xml; path = Info.plist; sourceTree = "<group>"; };
		115E6957265BAF4500D29826 /* ClientServerSwiftUITests.xctest */ = {isa = PBXFileReference; explicitFileType = wrapper.cfbundle; includeInIndex = 0; path = ClientServerSwiftUITests.xctest; sourceTree = BUILT_PRODUCTS_DIR; };
		115E695B265BAF4500D29826 /* ClientServerSwiftUITests.swift */ = {isa = PBXFileReference; lastKnownFileType = sourcecode.swift; path = ClientServerSwiftUITests.swift; sourceTree = "<group>"; };
		115E695D265BAF4500D29826 /* Info.plist */ = {isa = PBXFileReference; lastKnownFileType = text.plist.xml; path = Info.plist; sourceTree = "<group>"; };
		115E696E265C021800D29826 /* Session.swift */ = {isa = PBXFileReference; lastKnownFileType = sourcecode.swift; path = Session.swift; sourceTree = "<group>"; };
/* End PBXFileReference section */

/* Begin PBXFrameworksBuildPhase section */
		115E6933265BAF4300D29826 /* Frameworks */ = {
			isa = PBXFrameworksBuildPhase;
			buildActionMask = 2147483647;
			files = (
			);
			runOnlyForDeploymentPostprocessing = 0;
		};
		115E6949265BAF4500D29826 /* Frameworks */ = {
			isa = PBXFrameworksBuildPhase;
			buildActionMask = 2147483647;
			files = (
			);
			runOnlyForDeploymentPostprocessing = 0;
		};
		115E6954265BAF4500D29826 /* Frameworks */ = {
			isa = PBXFrameworksBuildPhase;
			buildActionMask = 2147483647;
			files = (
			);
			runOnlyForDeploymentPostprocessing = 0;
		};
/* End PBXFrameworksBuildPhase section */

/* Begin PBXGroup section */
		115E692D265BAF4300D29826 = {
			isa = PBXGroup;
			children = (
				115E6938265BAF4300D29826 /* ClientServerSwift */,
				115E694F265BAF4500D29826 /* ClientServerSwiftTests */,
				115E695A265BAF4500D29826 /* ClientServerSwiftUITests */,
				115E6937265BAF4300D29826 /* Products */,
			);
			sourceTree = "<group>";
		};
		115E6937265BAF4300D29826 /* Products */ = {
			isa = PBXGroup;
			children = (
				115E6936265BAF4300D29826 /* ClientServerSwift.app */,
				115E694C265BAF4500D29826 /* ClientServerSwiftTests.xctest */,
				115E6957265BAF4500D29826 /* ClientServerSwiftUITests.xctest */,
			);
			name = Products;
			sourceTree = "<group>";
		};
		115E6938265BAF4300D29826 /* ClientServerSwift */ = {
			isa = PBXGroup;
			children = (
				115E696A265BAF8400D29826 /* Resources */,
				115E6969265BAF6500D29826 /* App */,
				115E696B265BB00900D29826 /* Lesson1 */,
			);
			path = ClientServerSwift;
			sourceTree = "<group>";
		};
		115E694F265BAF4500D29826 /* ClientServerSwiftTests */ = {
			isa = PBXGroup;
			children = (
				115E6950265BAF4500D29826 /* ClientServerSwiftTests.swift */,
				115E6952265BAF4500D29826 /* Info.plist */,
			);
			path = ClientServerSwiftTests;
			sourceTree = "<group>";
		};
		115E695A265BAF4500D29826 /* ClientServerSwiftUITests */ = {
			isa = PBXGroup;
			children = (
				115E695B265BAF4500D29826 /* ClientServerSwiftUITests.swift */,
				115E695D265BAF4500D29826 /* Info.plist */,
			);
			path = ClientServerSwiftUITests;
			sourceTree = "<group>";
		};
		115E6969265BAF6500D29826 /* App */ = {
			isa = PBXGroup;
			children = (
				115E6939265BAF4300D29826 /* AppDelegate.swift */,
				115E693B265BAF4300D29826 /* SceneDelegate.swift */,
			);
			path = App;
			sourceTree = "<group>";
		};
		115E696A265BAF8400D29826 /* Resources */ = {
			isa = PBXGroup;
			children = (
				115E693F265BAF4300D29826 /* Main.storyboard */,
				115E6942265BAF4500D29826 /* Assets.xcassets */,
				115E6944265BAF4500D29826 /* LaunchScreen.storyboard */,
				115E6947265BAF4500D29826 /* Info.plist */,
			);
			path = Resources;
			sourceTree = "<group>";
		};
		115E696B265BB00900D29826 /* Lesson1 */ = {
			isa = PBXGroup;
			children = (
				115E696D265C020100D29826 /* Service */,
				115E693D265BAF4300D29826 /* ViewController.swift */,
			);
			path = Lesson1;
			sourceTree = "<group>";
		};
		115E696D265C020100D29826 /* Service */ = {
			isa = PBXGroup;
			children = (
				115E696E265C021800D29826 /* Session.swift */,
			);
			path = Service;
			sourceTree = "<group>";
		};
/* End PBXGroup section */

/* Begin PBXNativeTarget section */
		115E6935265BAF4300D29826 /* ClientServerSwift */ = {
			isa = PBXNativeTarget;
			buildConfigurationList = 115E6960265BAF4500D29826 /* Build configuration list for PBXNativeTarget "ClientServerSwift" */;
			buildPhases = (
				115E6932265BAF4300D29826 /* Sources */,
				115E6933265BAF4300D29826 /* Frameworks */,
				115E6934265BAF4300D29826 /* Resources */,
			);
			buildRules = (
			);
			dependencies = (
			);
			name = ClientServerSwift;
			productName = ClientServerSwift;
			productReference = 115E6936265BAF4300D29826 /* ClientServerSwift.app */;
			productType = "com.apple.product-type.application";
		};
		115E694B265BAF4500D29826 /* ClientServerSwiftTests */ = {
			isa = PBXNativeTarget;
			buildConfigurationList = 115E6963265BAF4500D29826 /* Build configuration list for PBXNativeTarget "ClientServerSwiftTests" */;
			buildPhases = (
				115E6948265BAF4500D29826 /* Sources */,
				115E6949265BAF4500D29826 /* Frameworks */,
				115E694A265BAF4500D29826 /* Resources */,
			);
			buildRules = (
			);
			dependencies = (
				115E694E265BAF4500D29826 /* PBXTargetDependency */,
			);
			name = ClientServerSwiftTests;
			productName = ClientServerSwiftTests;
			productReference = 115E694C265BAF4500D29826 /* ClientServerSwiftTests.xctest */;
			productType = "com.apple.product-type.bundle.unit-test";
		};
		115E6956265BAF4500D29826 /* ClientServerSwiftUITests */ = {
			isa = PBXNativeTarget;
			buildConfigurationList = 115E6966265BAF4500D29826 /* Build configuration list for PBXNativeTarget "ClientServerSwiftUITests" */;
			buildPhases = (
				115E6953265BAF4500D29826 /* Sources */,
				115E6954265BAF4500D29826 /* Frameworks */,
				115E6955265BAF4500D29826 /* Resources */,
			);
			buildRules = (
			);
			dependencies = (
				115E6959265BAF4500D29826 /* PBXTargetDependency */,
			);
			name = ClientServerSwiftUITests;
			productName = ClientServerSwiftUITests;
			productReference = 115E6957265BAF4500D29826 /* ClientServerSwiftUITests.xctest */;
			productType = "com.apple.product-type.bundle.ui-testing";
		};
/* End PBXNativeTarget section */

/* Begin PBXProject section */
		115E692E265BAF4300D29826 /* Project object */ = {
			isa = PBXProject;
			attributes = {
				LastSwiftUpdateCheck = 1250;
				LastUpgradeCheck = 1250;
				TargetAttributes = {
					115E6935265BAF4300D29826 = {
						CreatedOnToolsVersion = 12.5;
					};
					115E694B265BAF4500D29826 = {
						CreatedOnToolsVersion = 12.5;
						TestTargetID = 115E6935265BAF4300D29826;
					};
					115E6956265BAF4500D29826 = {
						CreatedOnToolsVersion = 12.5;
						TestTargetID = 115E6935265BAF4300D29826;
					};
				};
			};
			buildConfigurationList = 115E6931265BAF4300D29826 /* Build configuration list for PBXProject "ClientServerSwift" */;
			compatibilityVersion = "Xcode 9.3";
			developmentRegion = en;
			hasScannedForEncodings = 0;
			knownRegions = (
				en,
				Base,
			);
			mainGroup = 115E692D265BAF4300D29826;
			productRefGroup = 115E6937265BAF4300D29826 /* Products */;
			projectDirPath = "";
			projectRoot = "";
			targets = (
				115E6935265BAF4300D29826 /* ClientServerSwift */,
				115E694B265BAF4500D29826 /* ClientServerSwiftTests */,
				115E6956265BAF4500D29826 /* ClientServerSwiftUITests */,
			);
		};
/* End PBXProject section */

/* Begin PBXResourcesBuildPhase section */
		115E6934265BAF4300D29826 /* Resources */ = {
			isa = PBXResourcesBuildPhase;
			buildActionMask = 2147483647;
			files = (
				115E6946265BAF4500D29826 /* LaunchScreen.storyboard in Resources */,
				115E6943265BAF4500D29826 /* Assets.xcassets in Resources */,
				115E6941265BAF4300D29826 /* Main.storyboard in Resources */,
			);
			runOnlyForDeploymentPostprocessing = 0;
		};
		115E694A265BAF4500D29826 /* Resources */ = {
			isa = PBXResourcesBuildPhase;
			buildActionMask = 2147483647;
			files = (
			);
			runOnlyForDeploymentPostprocessing = 0;
		};
		115E6955265BAF4500D29826 /* Resources */ = {
			isa = PBXResourcesBuildPhase;
			buildActionMask = 2147483647;
			files = (
			);
			runOnlyForDeploymentPostprocessing = 0;
		};
/* End PBXResourcesBuildPhase section */

/* Begin PBXSourcesBuildPhase section */
		115E6932265BAF4300D29826 /* Sources */ = {
			isa = PBXSourcesBuildPhase;
			buildActionMask = 2147483647;
			files = (
				115E696F265C021800D29826 /* Session.swift in Sources */,
				115E693E265BAF4300D29826 /* ViewController.swift in Sources */,
				115E693A265BAF4300D29826 /* AppDelegate.swift in Sources */,
				115E693C265BAF4300D29826 /* SceneDelegate.swift in Sources */,
			);
			runOnlyForDeploymentPostprocessing = 0;
		};
		115E6948265BAF4500D29826 /* Sources */ = {
			isa = PBXSourcesBuildPhase;
			buildActionMask = 2147483647;
			files = (
				115E6951265BAF4500D29826 /* ClientServerSwiftTests.swift in Sources */,
			);
			runOnlyForDeploymentPostprocessing = 0;
		};
		115E6953265BAF4500D29826 /* Sources */ = {
			isa = PBXSourcesBuildPhase;
			buildActionMask = 2147483647;
			files = (
				115E695C265BAF4500D29826 /* ClientServerSwiftUITests.swift in Sources */,
			);
			runOnlyForDeploymentPostprocessing = 0;
		};
/* End PBXSourcesBuildPhase section */

/* Begin PBXTargetDependency section */
		115E694E265BAF4500D29826 /* PBXTargetDependency */ = {
			isa = PBXTargetDependency;
			target = 115E6935265BAF4300D29826 /* ClientServerSwift */;
			targetProxy = 115E694D265BAF4500D29826 /* PBXContainerItemProxy */;
		};
		115E6959265BAF4500D29826 /* PBXTargetDependency */ = {
			isa = PBXTargetDependency;
			target = 115E6935265BAF4300D29826 /* ClientServerSwift */;
			targetProxy = 115E6958265BAF4500D29826 /* PBXContainerItemProxy */;
		};
/* End PBXTargetDependency section */

/* Begin PBXVariantGroup section */
		115E693F265BAF4300D29826 /* Main.storyboard */ = {
			isa = PBXVariantGroup;
			children = (
				115E6940265BAF4300D29826 /* Base */,
			);
			name = Main.storyboard;
			sourceTree = "<group>";
		};
		115E6944265BAF4500D29826 /* LaunchScreen.storyboard */ = {
			isa = PBXVariantGroup;
			children = (
				115E6945265BAF4500D29826 /* Base */,
			);
			name = LaunchScreen.storyboard;
			sourceTree = "<group>";
		};
/* End PBXVariantGroup section */

/* Begin XCBuildConfiguration section */
		115E695E265BAF4500D29826 /* Debug */ = {
			isa = XCBuildConfiguration;
			buildSettings = {
				ALWAYS_SEARCH_USER_PATHS = NO;
				CLANG_ANALYZER_NONNULL = YES;
				CLANG_ANALYZER_NUMBER_OBJECT_CONVERSION = YES_AGGRESSIVE;
				CLANG_CXX_LANGUAGE_STANDARD = "gnu++14";
				CLANG_CXX_LIBRARY = "libc++";
				CLANG_ENABLE_MODULES = YES;
				CLANG_ENABLE_OBJC_ARC = YES;
				CLANG_ENABLE_OBJC_WEAK = YES;
				CLANG_WARN_BLOCK_CAPTURE_AUTORELEASING = YES;
				CLANG_WARN_BOOL_CONVERSION = YES;
				CLANG_WARN_COMMA = YES;
				CLANG_WARN_CONSTANT_CONVERSION = YES;
				CLANG_WARN_DEPRECATED_OBJC_IMPLEMENTATIONS = YES;
				CLANG_WARN_DIRECT_OBJC_ISA_USAGE = YES_ERROR;
				CLANG_WARN_DOCUMENTATION_COMMENTS = YES;
				CLANG_WARN_EMPTY_BODY = YES;
				CLANG_WARN_ENUM_CONVERSION = YES;
				CLANG_WARN_INFINITE_RECURSION = YES;
				CLANG_WARN_INT_CONVERSION = YES;
				CLANG_WARN_NON_LITERAL_NULL_CONVERSION = YES;
				CLANG_WARN_OBJC_IMPLICIT_RETAIN_SELF = YES;
				CLANG_WARN_OBJC_LITERAL_CONVERSION = YES;
				CLANG_WARN_OBJC_ROOT_CLASS = YES_ERROR;
				CLANG_WARN_QUOTED_INCLUDE_IN_FRAMEWORK_HEADER = YES;
				CLANG_WARN_RANGE_LOOP_ANALYSIS = YES;
				CLANG_WARN_STRICT_PROTOTYPES = YES;
				CLANG_WARN_SUSPICIOUS_MOVE = YES;
				CLANG_WARN_UNGUARDED_AVAILABILITY = YES_AGGRESSIVE;
				CLANG_WARN_UNREACHABLE_CODE = YES;
				CLANG_WARN__DUPLICATE_METHOD_MATCH = YES;
				COPY_PHASE_STRIP = NO;
				DEBUG_INFORMATION_FORMAT = dwarf;
				ENABLE_STRICT_OBJC_MSGSEND = YES;
				ENABLE_TESTABILITY = YES;
				GCC_C_LANGUAGE_STANDARD = gnu11;
				GCC_DYNAMIC_NO_PIC = NO;
				GCC_NO_COMMON_BLOCKS = YES;
				GCC_OPTIMIZATION_LEVEL = 0;
				GCC_PREPROCESSOR_DEFINITIONS = (
					"DEBUG=1",
					"$(inherited)",
				);
				GCC_WARN_64_TO_32_BIT_CONVERSION = YES;
				GCC_WARN_ABOUT_RETURN_TYPE = YES_ERROR;
				GCC_WARN_UNDECLARED_SELECTOR = YES;
				GCC_WARN_UNINITIALIZED_AUTOS = YES_AGGRESSIVE;
				GCC_WARN_UNUSED_FUNCTION = YES;
				GCC_WARN_UNUSED_VARIABLE = YES;
				IPHONEOS_DEPLOYMENT_TARGET = 14.5;
				MTL_ENABLE_DEBUG_INFO = INCLUDE_SOURCE;
				MTL_FAST_MATH = YES;
				ONLY_ACTIVE_ARCH = YES;
				SDKROOT = iphoneos;
				SWIFT_ACTIVE_COMPILATION_CONDITIONS = DEBUG;
				SWIFT_OPTIMIZATION_LEVEL = "-Onone";
			};
			name = Debug;
		};
		115E695F265BAF4500D29826 /* Release */ = {
			isa = XCBuildConfiguration;
			buildSettings = {
				ALWAYS_SEARCH_USER_PATHS = NO;
				CLANG_ANALYZER_NONNULL = YES;
				CLANG_ANALYZER_NUMBER_OBJECT_CONVERSION = YES_AGGRESSIVE;
				CLANG_CXX_LANGUAGE_STANDARD = "gnu++14";
				CLANG_CXX_LIBRARY = "libc++";
				CLANG_ENABLE_MODULES = YES;
				CLANG_ENABLE_OBJC_ARC = YES;
				CLANG_ENABLE_OBJC_WEAK = YES;
				CLANG_WARN_BLOCK_CAPTURE_AUTORELEASING = YES;
				CLANG_WARN_BOOL_CONVERSION = YES;
				CLANG_WARN_COMMA = YES;
				CLANG_WARN_CONSTANT_CONVERSION = YES;
				CLANG_WARN_DEPRECATED_OBJC_IMPLEMENTATIONS = YES;
				CLANG_WARN_DIRECT_OBJC_ISA_USAGE = YES_ERROR;
				CLANG_WARN_DOCUMENTATION_COMMENTS = YES;
				CLANG_WARN_EMPTY_BODY = YES;
				CLANG_WARN_ENUM_CONVERSION = YES;
				CLANG_WARN_INFINITE_RECURSION = YES;
				CLANG_WARN_INT_CONVERSION = YES;
				CLANG_WARN_NON_LITERAL_NULL_CONVERSION = YES;
				CLANG_WARN_OBJC_IMPLICIT_RETAIN_SELF = YES;
				CLANG_WARN_OBJC_LITERAL_CONVERSION = YES;
				CLANG_WARN_OBJC_ROOT_CLASS = YES_ERROR;
				CLANG_WARN_QUOTED_INCLUDE_IN_FRAMEWORK_HEADER = YES;
				CLANG_WARN_RANGE_LOOP_ANALYSIS = YES;
				CLANG_WARN_STRICT_PROTOTYPES = YES;
				CLANG_WARN_SUSPICIOUS_MOVE = YES;
				CLANG_WARN_UNGUARDED_AVAILABILITY = YES_AGGRESSIVE;
				CLANG_WARN_UNREACHABLE_CODE = YES;
				CLANG_WARN__DUPLICATE_METHOD_MATCH = YES;
				COPY_PHASE_STRIP = NO;
				DEBUG_INFORMATION_FORMAT = "dwarf-with-dsym";
				ENABLE_NS_ASSERTIONS = NO;
				ENABLE_STRICT_OBJC_MSGSEND = YES;
				GCC_C_LANGUAGE_STANDARD = gnu11;
				GCC_NO_COMMON_BLOCKS = YES;
				GCC_WARN_64_TO_32_BIT_CONVERSION = YES;
				GCC_WARN_ABOUT_RETURN_TYPE = YES_ERROR;
				GCC_WARN_UNDECLARED_SELECTOR = YES;
				GCC_WARN_UNINITIALIZED_AUTOS = YES_AGGRESSIVE;
				GCC_WARN_UNUSED_FUNCTION = YES;
				GCC_WARN_UNUSED_VARIABLE = YES;
				IPHONEOS_DEPLOYMENT_TARGET = 14.5;
				MTL_ENABLE_DEBUG_INFO = NO;
				MTL_FAST_MATH = YES;
				SDKROOT = iphoneos;
				SWIFT_COMPILATION_MODE = wholemodule;
				SWIFT_OPTIMIZATION_LEVEL = "-O";
				VALIDATE_PRODUCT = YES;
			};
			name = Release;
		};
		115E6961265BAF4500D29826 /* Debug */ = {
			isa = XCBuildConfiguration;
			buildSettings = {
				ASSETCATALOG_COMPILER_APPICON_NAME = AppIcon;
				ASSETCATALOG_COMPILER_GLOBAL_ACCENT_COLOR_NAME = AccentColor;
				CODE_SIGN_STYLE = Automatic;
				INFOPLIST_FILE = ClientServerSwift/Resources/Info.plist;
				LD_RUNPATH_SEARCH_PATHS = (
					"$(inherited)",
					"@executable_path/Frameworks",
				);
				PRODUCT_BUNDLE_IDENTIFIER = namius.ClientServerSwift;
				PRODUCT_NAME = "$(TARGET_NAME)";
				SWIFT_VERSION = 5.0;
				TARGETED_DEVICE_FAMILY = "1,2";
			};
			name = Debug;
		};
		115E6962265BAF4500D29826 /* Release */ = {
			isa = XCBuildConfiguration;
			buildSettings = {
				ASSETCATALOG_COMPILER_APPICON_NAME = AppIcon;
				ASSETCATALOG_COMPILER_GLOBAL_ACCENT_COLOR_NAME = AccentColor;
				CODE_SIGN_STYLE = Automatic;
				INFOPLIST_FILE = ClientServerSwift/Resources/Info.plist;
				LD_RUNPATH_SEARCH_PATHS = (
					"$(inherited)",
					"@executable_path/Frameworks",
				);
				PRODUCT_BUNDLE_IDENTIFIER = namius.ClientServerSwift;
				PRODUCT_NAME = "$(TARGET_NAME)";
				SWIFT_VERSION = 5.0;
				TARGETED_DEVICE_FAMILY = "1,2";
			};
			name = Release;
		};
		115E6964265BAF4500D29826 /* Debug */ = {
			isa = XCBuildConfiguration;
			buildSettings = {
				ALWAYS_EMBED_SWIFT_STANDARD_LIBRARIES = YES;
				BUNDLE_LOADER = "$(TEST_HOST)";
				CODE_SIGN_STYLE = Automatic;
				INFOPLIST_FILE = ClientServerSwiftTests/Info.plist;
				IPHONEOS_DEPLOYMENT_TARGET = 14.5;
				LD_RUNPATH_SEARCH_PATHS = (
					"$(inherited)",
					"@executable_path/Frameworks",
					"@loader_path/Frameworks",
				);
				PRODUCT_BUNDLE_IDENTIFIER = namius.ClientServerSwiftTests;
				PRODUCT_NAME = "$(TARGET_NAME)";
				SWIFT_VERSION = 5.0;
				TARGETED_DEVICE_FAMILY = "1,2";
				TEST_HOST = "$(BUILT_PRODUCTS_DIR)/ClientServerSwift.app/ClientServerSwift";
			};
			name = Debug;
		};
		115E6965265BAF4500D29826 /* Release */ = {
			isa = XCBuildConfiguration;
			buildSettings = {
				ALWAYS_EMBED_SWIFT_STANDARD_LIBRARIES = YES;
				BUNDLE_LOADER = "$(TEST_HOST)";
				CODE_SIGN_STYLE = Automatic;
				INFOPLIST_FILE = ClientServerSwiftTests/Info.plist;
				IPHONEOS_DEPLOYMENT_TARGET = 14.5;
				LD_RUNPATH_SEARCH_PATHS = (
					"$(inherited)",
					"@executable_path/Frameworks",
					"@loader_path/Frameworks",
				);
				PRODUCT_BUNDLE_IDENTIFIER = namius.ClientServerSwiftTests;
				PRODUCT_NAME = "$(TARGET_NAME)";
				SWIFT_VERSION = 5.0;
				TARGETED_DEVICE_FAMILY = "1,2";
				TEST_HOST = "$(BUILT_PRODUCTS_DIR)/ClientServerSwift.app/ClientServerSwift";
			};
			name = Release;
		};
		115E6967265BAF4500D29826 /* Debug */ = {
			isa = XCBuildConfiguration;
			buildSettings = {
				ALWAYS_EMBED_SWIFT_STANDARD_LIBRARIES = YES;
				CODE_SIGN_STYLE = Automatic;
				INFOPLIST_FILE = ClientServerSwiftUITests/Info.plist;
				LD_RUNPATH_SEARCH_PATHS = (
					"$(inherited)",
					"@executable_path/Frameworks",
					"@loader_path/Frameworks",
				);
				PRODUCT_BUNDLE_IDENTIFIER = namius.ClientServerSwiftUITests;
				PRODUCT_NAME = "$(TARGET_NAME)";
				SWIFT_VERSION = 5.0;
				TARGETED_DEVICE_FAMILY = "1,2";
				TEST_TARGET_NAME = ClientServerSwift;
			};
			name = Debug;
		};
		115E6968265BAF4500D29826 /* Release */ = {
			isa = XCBuildConfiguration;
			buildSettings = {
				ALWAYS_EMBED_SWIFT_STANDARD_LIBRARIES = YES;
				CODE_SIGN_STYLE = Automatic;
				INFOPLIST_FILE = ClientServerSwiftUITests/Info.plist;
				LD_RUNPATH_SEARCH_PATHS = (
					"$(inherited)",
					"@executable_path/Frameworks",
					"@loader_path/Frameworks",
				);
				PRODUCT_BUNDLE_IDENTIFIER = namius.ClientServerSwiftUITests;
				PRODUCT_NAME = "$(TARGET_NAME)";
				SWIFT_VERSION = 5.0;
				TARGETED_DEVICE_FAMILY = "1,2";
				TEST_TARGET_NAME = ClientServerSwift;
			};
			name = Release;
		};
/* End XCBuildConfiguration section */

/* Begin XCConfigurationList section */
		115E6931265BAF4300D29826 /* Build configuration list for PBXProject "ClientServerSwift" */ = {
			isa = XCConfigurationList;
			buildConfigurations = (
				115E695E265BAF4500D29826 /* Debug */,
				115E695F265BAF4500D29826 /* Release */,
			);
			defaultConfigurationIsVisible = 0;
			defaultConfigurationName = Release;
		};
		115E6960265BAF4500D29826 /* Build configuration list for PBXNativeTarget "ClientServerSwift" */ = {
			isa = XCConfigurationList;
			buildConfigurations = (
				115E6961265BAF4500D29826 /* Debug */,
				115E6962265BAF4500D29826 /* Release */,
			);
			defaultConfigurationIsVisible = 0;
			defaultConfigurationName = Release;
		};
		115E6963265BAF4500D29826 /* Build configuration list for PBXNativeTarget "ClientServerSwiftTests" */ = {
			isa = XCConfigurationList;
			buildConfigurations = (
				115E6964265BAF4500D29826 /* Debug */,
				115E6965265BAF4500D29826 /* Release */,
			);
			defaultConfigurationIsVisible = 0;
			defaultConfigurationName = Release;
		};
		115E6966265BAF4500D29826 /* Build configuration list for PBXNativeTarget "ClientServerSwiftUITests" */ = {
			isa = XCConfigurationList;
			buildConfigurations = (
				115E6967265BAF4500D29826 /* Debug */,
				115E6968265BAF4500D29826 /* Release */,
			);
			defaultConfigurationIsVisible = 0;
			defaultConfigurationName = Release;
		};
/* End XCConfigurationList section */
	};
	rootObject = 115E692E265BAF4300D29826 /* Project object */;
}
